{
	"requires": true,
	"lockfileVersion": 1,
	"dependencies": {
		"eslint-plugin-prettier": {
			"version": "2.1.2",
			"resolved": "https://registry.npmjs.org/eslint-plugin-prettier/-/eslint-plugin-prettier-2.1.2.tgz",
			"integrity": "sha1-S5D07n+Sv74ukmAX4cpA62KJZeo=",
			"requires": {
				"fast-diff": "1.1.1",
				"jest-docblock": "20.0.3"
			}
		},
		"fast-diff": {
			"version": "1.1.1",
			"resolved": "https://registry.npmjs.org/fast-diff/-/fast-diff-1.1.1.tgz",
			"integrity": "sha1-CuoOTmBbaiGJ8Ok21Lf7rxt8/Zs="
		},
		"jest-docblock": {
			"version": "20.0.3",
			"resolved": "https://registry.npmjs.org/jest-docblock/-/jest-docblock-20.0.3.tgz",
			"integrity": "sha1-F76phDQswz2DxQ++FUXqDvqkRxI="
		}
	}
}
