{
	"requires": true,
	"lockfileVersion": 1,
	"dependencies": {
		"eslint-config-cup": {
			"version": "1.0.0-rc.3",
			"resolved": "https://registry.npmjs.org/eslint-config-cup/-/eslint-config-cup-1.0.0-rc.3.tgz",
			"integrity": "sha1-QaP+VwmS48o4ch1LNdndE1VbFSg=",
			"requires": {
				"eslint-plugin-cup": "1.0.0-rc.3"
			},
			"dependencies": {
				"eslint-plugin-cup": {
					"version": "1.0.0-rc.3",
					"resolved": "https://registry.npmjs.org/eslint-plugin-cup/-/eslint-plugin-cup-1.0.0-rc.3.tgz",
					"integrity": "sha1-YPB1ERo/B+4MuBErr/sxwPjEhhU=",
					"requires": {
						"globals": "10.0.0"
					}
				}
			}
		},
		"globals": {
			"version": "10.0.0",
			"resolved": "https://registry.npmjs.org/globals/-/globals-10.0.0.tgz",
			"integrity": "sha512-kxN6RfO/HLQcHV2yI48enVP37K7vlpTl3vcLCwYkRidzO/GjOOK7jQUD9LvhPeSvbiAsnSDGEd5SDVVa9EeimQ=="
		}
	}
}
